{
    "_meta": {
        "hash": {
            "sha256": "ba5073439edf6bf2c1485b244920b4a3024e36b981a20b755ea327fb7e147b08"
        },
        "pipfile-spec": 6,
        "requires": {
            "python_version": "3.11"
        },
        "sources": [
            {
                "name": "pypi",
                "url": "https://pypi.org/simple",
                "verify_ssl": true
            }
        ]
    },
    "default": {
        "annotated-types": {
            "hashes": [
                "sha256:0641064de18ba7a25dee8f96403ebc39113d0cb953a01429249d5c7564666a43",
                "sha256:563339e807e53ffd9c267e99fc6d9ea23eb8443c08f112651963e24e22f84a5d"
            ],
            "markers": "python_version >= '3.8'",
            "version": "==0.6.0"
        },
        "loguru": {
            "hashes": [
                "sha256:003d71e3d3ed35f0f8984898359d65b79e5b21943f78af86aa5491210429b8eb",
                "sha256:e671a53522515f34fd406340ee968cb9ecafbc4b36c679da03c18fd8d0bd51ac"
            ],
            "index": "pypi",
            "version": "==0.7.2"
        },
        "pydantic": {
            "hashes": [
                "sha256:0b8be5413c06aadfbe56f6dc1d45c9ed25fd43264414c571135c97dd77c2bedb",
                "sha256:dc5244a8939e0d9a68f1f1b5f550b2e1c879912033b1becbedb315accc75441b"
            ],
            "markers": "python_version >= '3.7'",
            "version": "==2.5.1"
        },
        "pydantic-core": {
            "hashes": [
                "sha256:056ea7cc3c92a7d2a14b5bc9c9fa14efa794d9f05b9794206d089d06d3433dc7",
                "sha256:0653fb9fc2fa6787f2fa08631314ab7fc8070307bd344bf9471d1b7207c24623",
                "sha256:076edc972b68a66870cec41a4efdd72a6b655c4098a232314b02d2bfa3bfa157",
                "sha256:0a3e51c2be472b7867eb0c5d025b91400c2b73a0823b89d4303a9097e2ec6655",
                "sha256:0c7f8e8a7cf8e81ca7d44bea4f181783630959d41b4b51d2f74bc50f348a090f",
                "sha256:10904368261e4509c091cbcc067e5a88b070ed9a10f7ad78f3029c175487490f",
                "sha256:113752a55a8eaece2e4ac96bc8817f134c2c23477e477d085ba89e3aa0f4dc44",
                "sha256:12e05a76b223577a4696c76d7a6b36a0ccc491ffb3c6a8cf92d8001d93ddfd63",
                "sha256:136bc7247e97a921a020abbd6ef3169af97569869cd6eff41b6a15a73c44ea9b",
                "sha256:1582f01eaf0537a696c846bea92082082b6bfc1103a88e777e983ea9fbdc2a0f",
                "sha256:1767bd3f6370458e60c1d3d7b1d9c2751cc1ad743434e8ec84625a610c8b9195",
                "sha256:1e2979dc80246e18e348de51246d4c9b410186ffa3c50e77924bec436b1e36cb",
                "sha256:1ea992659c03c3ea811d55fc0a997bec9dde863a617cc7b25cfde69ef32e55af",
                "sha256:1f2d4516c32255782153e858f9a900ca6deadfb217fd3fb21bb2b60b4e04d04d",
                "sha256:2494d20e4c22beac30150b4be3b8339bf2a02ab5580fa6553ca274bc08681a65",
                "sha256:260692420028319e201b8649b13ac0988974eeafaaef95d0dfbf7120c38dc000",
                "sha256:2646f8270f932d79ba61102a15ea19a50ae0d43b314e22b3f8f4b5fabbfa6e38",
                "sha256:27828f0227b54804aac6fb077b6bb48e640b5435fdd7fbf0c274093a7b78b69c",
                "sha256:2bc736725f9bd18a60eec0ed6ef9b06b9785454c8d0105f2be16e4d6274e63d0",
                "sha256:2c08ac60c3caa31f825b5dbac47e4875bd4954d8f559650ad9e0b225eaf8ed0c",
                "sha256:2c83892c7bf92b91d30faca53bb8ea21f9d7e39f0ae4008ef2c2f91116d0464a",
                "sha256:354db020b1f8f11207b35360b92d95725621eb92656725c849a61e4b550f4acc",
                "sha256:364dba61494e48f01ef50ae430e392f67ee1ee27e048daeda0e9d21c3ab2d609",
                "sha256:37dad73a2f82975ed563d6a277fd9b50e5d9c79910c4aec787e2d63547202315",
                "sha256:38113856c7fad8c19be7ddd57df0c3e77b1b2336459cb03ee3903ce9d5e236ce",
                "sha256:38aed5a1bbc3025859f56d6a32f6e53ca173283cb95348e03480f333b1091e7d",
                "sha256:3ad083df8fe342d4d8d00cc1d3c1a23f0dc84fce416eb301e69f1ddbbe124d3f",
                "sha256:3c1bf1a7b05a65d3b37a9adea98e195e0081be6b17ca03a86f92aeb8b110f468",
                "sha256:3d1dde10bd9962b1434053239b1d5490fc31a2b02d8950a5f731bc584c7a5a0f",
                "sha256:44aaf1a07ad0824e407dafc637a852e9a44d94664293bbe7d8ee549c356c8882",
                "sha256:44afa3c18d45053fe8d8228950ee4c8eaf3b5a7f3b64963fdeac19b8342c987f",
                "sha256:4a70d23eedd88a6484aa79a732a90e36701048a1509078d1b59578ef0ea2cdf5",
                "sha256:4aa89919fbd8a553cd7d03bf23d5bc5deee622e1b5db572121287f0e64979476",
                "sha256:4cc6bb11f4e8e5ed91d78b9880774fbc0856cb226151b0a93b549c2b26a00c19",
                "sha256:536e1f58419e1ec35f6d1310c88496f0d60e4f182cacb773d38076f66a60b149",
                "sha256:5402ee0f61e7798ea93a01b0489520f2abfd9b57b76b82c93714c4318c66ca06",
                "sha256:56814b41486e2d712a8bc02a7b1f17b87fa30999d2323bbd13cf0e52296813a1",
                "sha256:5b73441a1159f1fb37353aaefb9e801ab35a07dd93cb8177504b25a317f4215a",
                "sha256:61beaa79d392d44dc19d6f11ccd824d3cccb865c4372157c40b92533f8d76dd0",
                "sha256:6c2d118d1b6c9e2d577e215567eedbe11804c3aafa76d39ec1f8bc74e918fd07",
                "sha256:6e2f9d76c00e805d47f19c7a96a14e4135238a7551a18bfd89bb757993fd0933",
                "sha256:71ed769b58d44e0bc2701aa59eb199b6665c16e8a5b8b4a84db01f71580ec448",
                "sha256:7349f99f1ef8b940b309179733f2cad2e6037a29560f1b03fdc6aa6be0a8d03c",
                "sha256:75f3f534f33651b73f4d3a16d0254de096f43737d51e981478d580f4b006b427",
                "sha256:76fc18653a5c95e5301a52d1b5afb27c9adc77175bf00f73e94f501caf0e05ad",
                "sha256:7cb0c397f29688a5bd2c0dbd44451bc44ebb9b22babc90f97db5ec3e5bb69977",
                "sha256:7cc24728a1a9cef497697e53b3d085fb4d3bc0ef1ef4d9b424d9cf808f52c146",
                "sha256:7e63a56eb7fdee1587d62f753ccd6d5fa24fbeea57a40d9d8beaef679a24bdd6",
                "sha256:832d16f248ca0cc96929139734ec32d21c67669dcf8a9f3f733c85054429c012",
                "sha256:8488e973547e8fb1b4193fd9faf5236cf1b7cd5e9e6dc7ff6b4d9afdc4c720cb",
                "sha256:849cff945284c577c5f621d2df76ca7b60f803cc8663ff01b778ad0af0e39bb9",
                "sha256:88ec906eb2d92420f5b074f59cf9e50b3bb44f3cb70e6512099fdd4d88c2f87c",
                "sha256:8d3b9c91eeb372a64ec6686c1402afd40cc20f61a0866850f7d989b6bf39a41a",
                "sha256:8f5624f0f67f2b9ecaa812e1dfd2e35b256487566585160c6c19268bf2ffeccc",
                "sha256:905a12bf088d6fa20e094f9a477bf84bd823651d8b8384f59bcd50eaa92e6a52",
                "sha256:92486a04d54987054f8b4405a9af9d482e5100d6fe6374fc3303015983fc8bda",
                "sha256:96eb10ef8920990e703da348bb25fedb8b8653b5966e4e078e5be382b430f9e0",
                "sha256:96fb679c7ca12a512d36d01c174a4fbfd912b5535cc722eb2c010c7b44eceb8e",
                "sha256:98d8b3932f1a369364606417ded5412c4ffb15bedbcf797c31317e55bd5d920e",
                "sha256:9dbab442a8d9ca918b4ed99db8d89d11b1f067a7dadb642476ad0889560dac79",
                "sha256:9ef3e2e407e4cad2df3c89488a761ed1f1c33f3b826a2ea9a411b0a7d1cccf1b",
                "sha256:9ff737f24b34ed26de62d481ef522f233d3c5927279f6b7229de9b0deb3f76b5",
                "sha256:a1a39fecb5f0b19faee9a8a8176c805ed78ce45d760259a4ff3d21a7daa4dfc1",
                "sha256:a402ae1066be594701ac45661278dc4a466fb684258d1a2c434de54971b006ca",
                "sha256:a5c51460ede609fbb4fa883a8fe16e749964ddb459966d0518991ec02eb8dfb9",
                "sha256:a8ca13480ce16daad0504be6ce893b0ee8ec34cd43b993b754198a89e2787f7e",
                "sha256:ab4a2381005769a4af2ffddae74d769e8a4aae42e970596208ec6d615c6fb080",
                "sha256:aeafc7f5bbddc46213707266cadc94439bfa87ecf699444de8be044d6d6eb26f",
                "sha256:aecd5ed096b0e5d93fb0367fd8f417cef38ea30b786f2501f6c34eabd9062c38",
                "sha256:af452e69446fadf247f18ac5d153b1f7e61ef708f23ce85d8c52833748c58075",
                "sha256:af46f0b7a1342b49f208fed31f5a83b8495bb14b652f621e0a6787d2f10f24ee",
                "sha256:b02b5e1f54c3396c48b665050464803c23c685716eb5d82a1d81bf81b5230da4",
                "sha256:b28996872b48baf829ee75fa06998b607c66a4847ac838e6fd7473a6b2ab68e7",
                "sha256:b7692f539a26265cece1e27e366df5b976a6db6b1f825a9e0466395b314ee48b",
                "sha256:ba44fad1d114539d6a1509966b20b74d2dec9a5b0ee12dd7fd0a1bb7b8785e5f",
                "sha256:bf15145b1f8056d12c67255cd3ce5d317cd4450d5ee747760d8d088d85d12a2d",
                "sha256:c3dc2920cc96f9aa40c6dc54256e436cc95c0a15562eb7bd579e1811593c377e",
                "sha256:c54af5069da58ea643ad34ff32fd6bc4eebb8ae0fef9821cd8919063e0aeeaab",
                "sha256:c5ea0153482e5b4d601c25465771c7267c99fddf5d3f3bdc238ef930e6d051cf",
                "sha256:c9ffd823c46e05ef3eb28b821aa7bc501efa95ba8880b4a1380068e32c5bed47",
                "sha256:ca55c9671bb637ce13d18ef352fd32ae7aba21b4402f300a63f1fb1fd18e0364",
                "sha256:caa94726791e316f0f63049ee00dff3b34a629b0d099f3b594770f7d0d8f1f56",
                "sha256:cc956f78651778ec1ab105196e90e0e5f5275884793ab67c60938c75bcca3989",
                "sha256:ccbf355b7276593c68fa824030e68cb29f630c50e20cb11ebb0ee450ae6b3d08",
                "sha256:cf08b43d1d5d1678f295f0431a4a7e1707d4652576e1d0f8914b5e0213bfeee5",
                "sha256:d06c78074646111fb01836585f1198367b17d57c9f427e07aaa9ff499003e58d",
                "sha256:d2b53e1f851a2b406bbb5ac58e16c4a5496038eddd856cc900278fa0da97f3fc",
                "sha256:d41df8e10b094640a6b234851b624b76a41552f637b9fb34dc720b9fe4ef3be4",
                "sha256:d7abd17a838a52140e3aeca271054e321226f52df7e0a9f0da8f91ea123afe98",
                "sha256:de52ddfa6e10e892d00f747bf7135d7007302ad82e243cf16d89dd77b03b649d",
                "sha256:df33902464410a1f1a0411a235f0a34e7e129f12cb6340daca0f9d1390f5fe10",
                "sha256:e16aaf788f1de5a85c8f8fcc9c1ca1dd7dd52b8ad30a7889ca31c7c7606615b8",
                "sha256:e3ad4968711fb379a67c8c755beb4dae8b721a83737737b7bcee27c05400b047",
                "sha256:e483b8b913fcd3b48badec54185c150cb7ab0e6487914b84dc7cde2365e0c892",
                "sha256:e71f666c3bf019f2490a47dddb44c3ccea2e69ac882f7495c68dc14d4065eac2",
                "sha256:ea1498ce4491236d1cffa0eee9ad0968b6ecb0c1cd711699c5677fc689905f00",
                "sha256:eaab9dc009e22726c62fe3b850b797e7f0e7ba76d245284d1064081f512c7226",
                "sha256:ec79dbe23702795944d2ae4c6925e35a075b88acd0d20acde7c77a817ebbce94",
                "sha256:f1b92e72babfd56585c75caf44f0b15258c58e6be23bc33f90885cebffde3400",
                "sha256:f1f46700402312bdc31912f6fc17f5ecaaaa3bafe5487c48f07c800052736289",
                "sha256:f518eac285c9632be337323eef9824a856f2680f943a9b68ac41d5f5bad7df7c",
                "sha256:f86f20a9d5bee1a6ede0f2757b917bac6908cde0f5ad9fcb3606db1e2968bcf5",
                "sha256:f8fc652c354d3362e2932a79d5ac4bbd7170757a41a62c4fe0f057d29f10bebb",
                "sha256:fe272a72c7ed29f84c42fedd2d06c2f9858dc0c00dae3b34ba15d6d8ae0fbaaf",
                "sha256:fe863491664c6720d65ae438d4efaa5eca766565a53adb53bf14bc3246c72fe0"
            ],
            "markers": "python_version >= '3.7'",
            "version": "==2.14.3"
        },
        "pydantic-settings": {
            "hashes": [
                "sha256:342337fff50b23585e807a86dec85037900972364435c55c2fc00d16ff080539",
                "sha256:6183a2abeab465d5a3ab69758e9a22d38b0cc2ba193f0b85f6971a252ea630f6"
            ],
            "index": "pypi",
            "version": "===2.0.2"
        },
        "python-dotenv": {
            "hashes": [
                "sha256:a8df96034aae6d2d50a4ebe8216326c61c3eb64836776504fcca410e5937a3ba",
                "sha256:f5971a9226b701070a4bf2c38c89e5a3f0d64de8debda981d1db98583009122a"
            ],
            "markers": "python_version >= '3.8'",
            "version": "==1.0.0"
        },
        "typing-extensions": {
            "hashes": [
                "sha256:8f92fc8806f9a6b641eaa5318da32b44d401efaac0f6678c9bc448ba3605faa0",
                "sha256:df8e4339e9cb77357558cbdbceca33c303714cf861d1eef15e1070055ae8b7ef"
            ],
            "markers": "python_version >= '3.8'",
            "version": "==4.8.0"
        },
        "ujson": {
            "hashes": [
                "sha256:07d459aca895eb17eb463b00441986b021b9312c6c8cc1d06880925c7f51009c",
                "sha256:0be81bae295f65a6896b0c9030b55a106fb2dec69ef877253a87bc7c9c5308f7",
                "sha256:0fe1b7edaf560ca6ab023f81cbeaf9946a240876a993b8c5a21a1c539171d903",
                "sha256:102bf31c56f59538cccdfec45649780ae00657e86247c07edac434cb14d5388c",
                "sha256:11da6bed916f9bfacf13f4fc6a9594abd62b2bb115acfb17a77b0f03bee4cfd5",
                "sha256:16fde596d5e45bdf0d7de615346a102510ac8c405098e5595625015b0d4b5296",
                "sha256:193349a998cd821483a25f5df30b44e8f495423840ee11b3b28df092ddfd0f7f",
                "sha256:20768961a6a706170497129960762ded9c89fb1c10db2989c56956b162e2a8a3",
                "sha256:27a2a3c7620ebe43641e926a1062bc04e92dbe90d3501687957d71b4bdddaec4",
                "sha256:2873d196725a8193f56dde527b322c4bc79ed97cd60f1d087826ac3290cf9207",
                "sha256:299a312c3e85edee1178cb6453645217ba23b4e3186412677fa48e9a7f986de6",
                "sha256:2a64cc32bb4a436e5813b83f5aab0889927e5ea1788bf99b930fad853c5625cb",
                "sha256:2b852bdf920fe9f84e2a2c210cc45f1b64f763b4f7d01468b33f7791698e455e",
                "sha256:2e72ba76313d48a1a3a42e7dc9d1db32ea93fac782ad8dde6f8b13e35c229130",
                "sha256:3659deec9ab9eb19e8646932bfe6fe22730757c4addbe9d7d5544e879dc1b721",
                "sha256:3b27a8da7a080add559a3b73ec9ebd52e82cc4419f7c6fb7266e62439a055ed0",
                "sha256:3f9b63530a5392eb687baff3989d0fb5f45194ae5b1ca8276282fb647f8dcdb3",
                "sha256:407d60eb942c318482bbfb1e66be093308bb11617d41c613e33b4ce5be789adc",
                "sha256:40931d7c08c4ce99adc4b409ddb1bbb01635a950e81239c2382cfe24251b127a",
                "sha256:48c7d373ff22366eecfa36a52b9b55b0ee5bd44c2b50e16084aa88b9de038916",
                "sha256:4ddeabbc78b2aed531f167d1e70387b151900bc856d61e9325fcdfefb2a51ad8",
                "sha256:5ac97b1e182d81cf395ded620528c59f4177eee024b4b39a50cdd7b720fdeec6",
                "sha256:5ce24909a9c25062e60653073dd6d5e6ec9d6ad7ed6e0069450d5b673c854405",
                "sha256:69b3104a2603bab510497ceabc186ba40fef38ec731c0ccaa662e01ff94a985c",
                "sha256:6a4dafa9010c366589f55afb0fd67084acd8added1a51251008f9ff2c3e44042",
                "sha256:6d230d870d1ce03df915e694dcfa3f4e8714369cce2346686dbe0bc8e3f135e7",
                "sha256:78e318def4ade898a461b3d92a79f9441e7e0e4d2ad5419abed4336d702c7425",
                "sha256:7a42baa647a50fa8bed53d4e242be61023bd37b93577f27f90ffe521ac9dc7a3",
                "sha256:7cba16b26efe774c096a5e822e4f27097b7c81ed6fb5264a2b3f5fd8784bab30",
                "sha256:7d8283ac5d03e65f488530c43d6610134309085b71db4f675e9cf5dff96a8282",
                "sha256:7ecc33b107ae88405aebdb8d82c13d6944be2331ebb04399134c03171509371a",
                "sha256:9249fdefeb021e00b46025e77feed89cd91ffe9b3a49415239103fc1d5d9c29a",
                "sha256:9399eaa5d1931a0ead49dce3ffacbea63f3177978588b956036bfe53cdf6af75",
                "sha256:94c7bd9880fa33fcf7f6d7f4cc032e2371adee3c5dba2922b918987141d1bf07",
                "sha256:9571de0c53db5cbc265945e08f093f093af2c5a11e14772c72d8e37fceeedd08",
                "sha256:9721cd112b5e4687cb4ade12a7b8af8b048d4991227ae8066d9c4b3a6642a582",
                "sha256:9ab282d67ef3097105552bf151438b551cc4bedb3f24d80fada830f2e132aeb9",
                "sha256:9d9707e5aacf63fb919f6237d6490c4e0244c7f8d3dc2a0f84d7dec5db7cb54c",
                "sha256:a70f776bda2e5072a086c02792c7863ba5833d565189e09fabbd04c8b4c3abba",
                "sha256:a89cf3cd8bf33a37600431b7024a7ccf499db25f9f0b332947fbc79043aad879",
                "sha256:a8c91b6f4bf23f274af9002b128d133b735141e867109487d17e344d38b87d94",
                "sha256:ad24ec130855d4430a682c7a60ca0bc158f8253ec81feed4073801f6b6cb681b",
                "sha256:ae7f4725c344bf437e9b881019c558416fe84ad9c6b67426416c131ad577df67",
                "sha256:b748797131ac7b29826d1524db1cc366d2722ab7afacc2ce1287cdafccddbf1f",
                "sha256:bdf04c6af3852161be9613e458a1fb67327910391de8ffedb8332e60800147a2",
                "sha256:bf5737dbcfe0fa0ac8fa599eceafae86b376492c8f1e4b84e3adf765f03fb564",
                "sha256:c4e7bb7eba0e1963f8b768f9c458ecb193e5bf6977090182e2b4f4408f35ac76",
                "sha256:d524a8c15cfc863705991d70bbec998456a42c405c291d0f84a74ad7f35c5109",
                "sha256:d53039d39de65360e924b511c7ca1a67b0975c34c015dd468fca492b11caa8f7",
                "sha256:d6f84a7a175c75beecde53a624881ff618e9433045a69fcfb5e154b73cdaa377",
                "sha256:e0147d41e9fb5cd174207c4a2895c5e24813204499fd0839951d4c8784a23bf5",
                "sha256:e3673053b036fd161ae7a5a33358ccae6793ee89fd499000204676baafd7b3aa",
                "sha256:e54578fa8838ddc722539a752adfce9372474114f8c127bb316db5392d942f8b",
                "sha256:eb0142f6f10f57598655340a3b2c70ed4646cbe674191da195eb0985a9813b83",
                "sha256:efeddf950fb15a832376c0c01d8d7713479fbeceaed1eaecb2665aa62c305aec",
                "sha256:f26629ac531d712f93192c233a74888bc8b8212558bd7d04c349125f10199fcf",
                "sha256:f2e385a7679b9088d7bc43a64811a7713cc7c33d032d020f757c54e7d41931ae",
                "sha256:f3554eaadffe416c6f543af442066afa6549edbc34fe6a7719818c3e72ebfe95",
                "sha256:f4511560d75b15ecb367eef561554959b9d49b6ec3b8d5634212f9fed74a6df1",
                "sha256:f504117a39cb98abba4153bf0b46b4954cc5d62f6351a14660201500ba31fe7f",
                "sha256:fb87decf38cc82bcdea1d7511e73629e651bdec3a43ab40985167ab8449b769c"
            ],
            "index": "pypi",
            "version": "==5.8.0"
        }
    },
    "develop": {
        "aiosqlite": {
            "hashes": [
                "sha256:95ee77b91c8d2808bd08a59fbebf66270e9090c3d92ffbf260dc0db0b979577d",
                "sha256:edba222e03453e094a3ce605db1b970c4b3376264e56f32e2a4959f948d66a96"
            ],
            "index": "pypi",
            "version": "==0.19.0"
        },
        "astroid": {
            "hashes": [
                "sha256:7d5895c9825e18079c5aeac0572bc2e4c83205c95d416e0b4fee8bc361d2d9ca",
                "sha256:86b0bb7d7da0be1a7c4aedb7974e391b32d4ed89e33de6ed6902b4b15c97577e"
            ],
            "markers": "python_full_version >= '3.8.0'",
            "version": "==3.0.1"
        },
        "attrs": {
            "hashes": [
                "sha256:1f28b4522cdc2fb4256ac1a020c78acf9cba2c6b461ccd2c126f3aa8e8335d04",
                "sha256:6279836d581513a26f1bf235f9acd333bc9115683f14f7e8fae46c98fc50e015"
            ],
            "markers": "python_version >= '3.7'",
            "version": "==23.1.0"
        },
        "autoflake": {
            "hashes": [
                "sha256:46373ef69b6714f5064c923bb28bd797c4f8a9497f557d87fc36665c6d956b39",
                "sha256:e7e46372dee46fa1c97acf310d99d922b63d369718a270809d7c278d34a194cf"
            ],
            "index": "pypi",
            "version": "==1.7.8"
        },
        "autopep8": {
            "hashes": [
                "sha256:9e136c472c475f4ee4978b51a88a494bfcd4e3ed17950a44a988d9e434837bea",
                "sha256:cae4bc0fb616408191af41d062d7ec7ef8679c7f27b068875ca3a9e2878d5443"
            ],
            "index": "pypi",
            "version": "==1.5.5"
        },
        "black": {
            "hashes": [
                "sha256:14ff67aec0a47c424bc99b71005202045dc09270da44a27848d534600ac64fc7",
                "sha256:197df8509263b0b8614e1df1756b1dd41be6738eed2ba9e9769f3880c2b9d7b6",
                "sha256:1e464456d24e23d11fced2bc8c47ef66d471f845c7b7a42f3bd77bf3d1789650",
                "sha256:2039230db3c6c639bd84efe3292ec7b06e9214a2992cd9beb293d639c6402edb",
                "sha256:21199526696b8f09c3997e2b4db8d0b108d801a348414264d2eb8eb2532e540d",
                "sha256:2644b5d63633702bc2c5f3754b1b475378fbbfb481f62319388235d0cd104c2d",
                "sha256:432247333090c8c5366e69627ccb363bc58514ae3e63f7fc75c54b1ea80fa7de",
                "sha256:444ebfb4e441254e87bad00c661fe32df9969b2bf224373a448d8aca2132b395",
                "sha256:5b9b29da4f564ba8787c119f37d174f2b69cdfdf9015b7d8c5c16121ddc054ae",
                "sha256:5cc42ca67989e9c3cf859e84c2bf014f6633db63d1cbdf8fdb666dcd9e77e3fa",
                "sha256:5d8f74030e67087b219b032aa33a919fae8806d49c867846bfacde57f43972ef",
                "sha256:72ef3925f30e12a184889aac03d77d031056860ccae8a1e519f6cbb742736383",
                "sha256:819dc789f4498ecc91438a7de64427c73b45035e2e3680c92e18795a839ebb66",
                "sha256:915ace4ff03fdfff953962fa672d44be269deb2eaf88499a0f8805221bc68c87",
                "sha256:9311e99228ae10023300ecac05be5a296f60d2fd10fff31cf5c1fa4ca4b1988d",
                "sha256:974308c58d057a651d182208a484ce80a26dac0caef2895836a92dd6ebd725e0",
                "sha256:b8b49776299fece66bffaafe357d929ca9451450f5466e997a7285ab0fe28e3b",
                "sha256:c957b2b4ea88587b46cf49d1dc17681c1e672864fd7af32fc1e9664d572b3458",
                "sha256:e41a86c6c650bcecc6633ee3180d80a025db041a8e2398dcc059b3afa8382cd4",
                "sha256:f513588da599943e0cde4e32cc9879e825d58720d6557062d1098c5ad80080e1",
                "sha256:fba8a281e570adafb79f7755ac8721b6cf1bbf691186a287e990c7929c7692ff"
            ],
            "index": "pypi",
            "version": "==22.10.0"
        },
        "click": {
            "hashes": [
                "sha256:ae74fb96c20a0277a1d615f1e4d73c8414f5a98db8b799a7931d1582f3390c28",
                "sha256:ca9853ad459e787e2192211578cc907e7594e294c7ccc834310722b41b9ca6de"
            ],
            "markers": "python_version >= '3.7'",
            "version": "==8.1.7"
        },
        "dill": {
            "hashes": [
                "sha256:76b122c08ef4ce2eedcd4d1abd8e641114bfc6c2867f49f3c41facf65bf19f5e",
                "sha256:cc1c8b182eb3013e24bd475ff2e9295af86c1a38eb1aff128dac8962a9ce3c03"
            ],
            "markers": "python_version >= '3.11'",
            "version": "==0.3.7"
        },
        "docstring-to-markdown": {
            "hashes": [
                "sha256:3025c428638ececae920d6d26054546a20335af3504a145327e657e7ad7ce1ce",
                "sha256:aa487059d0883e70e54da25c7b230e918d9e4d40f23d6dfaa2b73e4225b2d7dd"
            ],
            "markers": "python_version >= '3.6'",
            "version": "==0.13"
        },
        "epc": {
            "hashes": [
                "sha256:a14d2ea74817955a20eb00812e3a4630a132897eb4d976420240f1152c0d7d25"
            ],
            "index": "pypi",
            "version": "==0.0.5"
        },
        "flake8": {
            "hashes": [
                "sha256:749dbbd6bfd0cf1318af27bf97a14e28e5ff548ef8e5b1566ccfb25a11e7c839",
                "sha256:aadae8761ec651813c24be05c6f7b4680857ef6afaae4651a4eccaef97ce6c3b"
            ],
            "index": "pypi",
            "version": "==3.8.4"
        },
        "flake8-docstrings": {
            "hashes": [
                "sha256:4c8cc748dc16e6869728699e5d0d685da9a10b0ea718e090b1ba088e67a941af",
                "sha256:51f2344026da083fc084166a9353f5082b01f72901df422f74b4d953ae88ac75"
            ],
            "index": "pypi",
            "version": "==1.7.0"
        },
        "importlib-metadata": {
            "hashes": [
                "sha256:3ebb78df84a805d7698245025b975d9d67053cd94c79245ba4b3eb694abe68bb",
                "sha256:dbace7892d8c0c4ac1ad096662232f831d4e64f4c4545bd53016a3e9d4654743"
            ],
            "markers": "python_version >= '3.8'",
            "version": "==6.8.0"
        },
        "importmagic": {
            "hashes": [
                "sha256:3f7757a5b74c9a291e20e12023bb3bf71bc2fa3adfb15a08570648ab83eaf8d8"
            ],
            "index": "pypi",
            "version": "==0.1.7"
        },
        "iniconfig": {
            "hashes": [
                "sha256:2d91e135bf72d31a410b17c16da610a82cb55f6b0477d1a902134b24a455b8b3",
                "sha256:b6a85871a79d2e3b22d2d1b94ac2824226a63c6b741c88f7ae975f18b6778374"
            ],
            "markers": "python_version >= '3.7'",
            "version": "==2.0.0"
        },
        "isort": {
            "hashes": [
                "sha256:8bef7dde241278824a6d83f44a544709b065191b95b6e50894bdc722fcba0504",
                "sha256:f84c2818376e66cf843d497486ea8fed8700b340f308f076c6fb1229dff318b6"
            ],
            "index": "pypi",
            "version": "==5.12.0"
        },
        "jedi": {
            "hashes": [
                "sha256:86ed7d9b750603e4ba582ea8edc678657fb4007894a12bcf6f4bb97892f31d20",
                "sha256:98cc583fa0f2f8304968199b01b6b4b94f469a1f4a74c1560506ca2a211378b5"
            ],
            "markers": "python_version >= '2.7' and python_version not in '3.0, 3.1, 3.2, 3.3, 3.4'",
            "version": "==0.17.2"
        },
        "mccabe": {
            "hashes": [
                "sha256:ab8a6258860da4b6677da4bd2fe5dc2c659cff31b3ee4f7f5d64e79735b80d42",
                "sha256:dd8d182285a0fe56bace7f45b5e7d1a6ebcbf524e8f3bd87eb0f125271b8831f"
            ],
            "version": "==0.6.1"
        },
        "mypy": {
            "hashes": [
                "sha256:0e81ffd120ee24959b449b647c4b2fbfcf8acf3465e082b8d58fd6c4c2b27e46",
                "sha256:185cff9b9a7fec1f9f7d8352dff8a4c713b2e3eea9c6c4b5ff7f0edf46b91e41",
                "sha256:1e280b5697202efa698372d2f39e9a6713a0395a756b1c6bd48995f8d72690dc",
                "sha256:1fe46e96ae319df21359c8db77e1aecac8e5949da4773c0274c0ef3d8d1268a9",
                "sha256:2b53655a295c1ed1af9e96b462a736bf083adba7b314ae775563e3fb4e6795f5",
                "sha256:551d4a0cdcbd1d2cccdcc7cb516bb4ae888794929f5b040bb51aae1846062901",
                "sha256:55d28d7963bef00c330cb6461db80b0b72afe2f3c4e2963c99517cf06454e665",
                "sha256:5da84d7bf257fd8f66b4f759a904fd2c5a765f70d8b52dde62b521972a0a2357",
                "sha256:6cb8d5f6d0fcd9e708bb190b224089e45902cacef6f6915481806b0c77f7786d",
                "sha256:7a7b1e399c47b18feb6f8ad4a3eef3813e28c1e871ea7d4ea5d444b2ac03c418",
                "sha256:870bd1ffc8a5862e593185a4c169804f2744112b4a7c55b93eb50f48e7a77010",
                "sha256:87c076c174e2c7ef8ab416c4e252d94c08cd4980a10967754f91571070bf5fbe",
                "sha256:96650d9a4c651bc2a4991cf46f100973f656d69edc7faf91844e87fe627f7e96",
                "sha256:a3637c03f4025f6405737570d6cbfa4f1400eb3c649317634d273687a09ffc2f",
                "sha256:a79cdc12a02eb526d808a32a934c6fe6df07b05f3573d210e41808020aed8b5d",
                "sha256:b633f188fc5ae1b6edca39dae566974d7ef4e9aaaae00bc36efe1f855e5173ac",
                "sha256:bf7a2f0a6907f231d5e41adba1a82d7d88cf1f61a70335889412dec99feeb0f8",
                "sha256:c1b06b4b109e342f7dccc9efda965fc3970a604db70f8560ddfdee7ef19afb05",
                "sha256:cddee95dea7990e2215576fae95f6b78a8c12f4c089d7e4367564704e99118d3",
                "sha256:d01921dbd691c4061a3e2ecdbfbfad029410c5c2b1ee88946bf45c62c6c91210",
                "sha256:d0fa29919d2e720c8dbaf07d5578f93d7b313c3e9954c8ec05b6d83da592e5d9",
                "sha256:d6ed9a3997b90c6f891138e3f83fb8f475c74db4ccaa942a1c7bf99e83a989a1",
                "sha256:d93e76c2256aa50d9c82a88e2f569232e9862c9982095f6d54e13509f01222fc",
                "sha256:df67fbeb666ee8828f675fee724cc2cbd2e4828cc3df56703e02fe6a421b7401",
                "sha256:f29386804c3577c83d76520abf18cfcd7d68264c7e431c5907d250ab502658ee",
                "sha256:f65f385a6f43211effe8c682e8ec3f55d79391f70a201575def73d08db68ead1",
                "sha256:fc9fe455ad58a20ec68599139ed1113b21f977b536a91b42bef3ffed5cce7391"
            ],
            "index": "pypi",
            "version": "==1.7.0"
        },
        "mypy-extensions": {
            "hashes": [
                "sha256:4392f6c0eb8a5668a69e23d168ffa70f0be9ccfd32b5cc2d26a34ae5b844552d",
                "sha256:75dbf8955dc00442a438fc4d0666508a9a97b6bd41aa2f0ffe9d2f2725af0782"
            ],
            "markers": "python_version >= '3.5'",
            "version": "==1.0.0"
        },
        "packaging": {
            "hashes": [
                "sha256:048fb0e9405036518eaaf48a55953c750c11e1a1b68e0dd1a9d62ed0c092cfc5",
                "sha256:8c491190033a9af7e1d931d0b5dacc2ef47509b34dd0de67ed209b5203fc88c7"
            ],
            "markers": "python_version >= '3.7'",
            "version": "==23.2"
        },
        "parso": {
            "hashes": [
                "sha256:97218d9159b2520ff45eb78028ba8b50d2bc61dcc062a9682666f2dc4bd331ea",
                "sha256:caba44724b994a8a5e086460bb212abc5a8bc46951bf4a9a1210745953622eb9"
            ],
            "markers": "python_version >= '2.7' and python_version not in '3.0, 3.1, 3.2, 3.3'",
            "version": "==0.7.1"
        },
        "pathspec": {
            "hashes": [
                "sha256:1d6ed233af05e679efb96b1851550ea95bbb64b7c490b0f5aa52996c11e92a20",
                "sha256:e0d8d0ac2f12da61956eb2306b69f9469b42f4deb0f3cb6ed47b9cce9996ced3"
            ],
            "markers": "python_version >= '3.7'",
            "version": "==0.11.2"
        },
        "platformdirs": {
            "hashes": [
                "sha256:118c954d7e949b35437270383a3f2531e99dd93cf7ce4dc8340d3356d30f173b",
                "sha256:cb633b2bcf10c51af60beb0ab06d2f1d69064b43abf4c185ca6b28865f3f9731"
            ],
            "markers": "python_version >= '3.7'",
            "version": "==4.0.0"
        },
        "pluggy": {
            "hashes": [
                "sha256:cf61ae8f126ac6f7c451172cf30e3e43d3ca77615509771b3a984a0730651e12",
                "sha256:d89c696a773f8bd377d18e5ecda92b7a3793cbe66c87060a6fb58c7b6e1061f7"
            ],
            "markers": "python_version >= '3.8'",
            "version": "==1.3.0"
        },
        "ptvsd": {
            "hashes": [
                "sha256:10745fbb788001959b4de405198d8bd5243611a88fb5a2e2c6800245bc0ddd74",
                "sha256:1d3d82ecc82186d099992a748556e6e54037f5c5e4d3fc9bba3e2302354be0d4",
                "sha256:20f48ffed42a6beb879c250d82662e175ad59cc46a29c95c6a4472ae413199c5",
                "sha256:22b699369a18ff28d4d1aa6a452739e50c7b7790cb16c6312d766e023c12fe27",
                "sha256:2bbc121bce3608501998afbe742f02b80e7d26b8fecd38f78b903f22f52a81d9",
                "sha256:3b05c06018fdbce5943c50fb0baac695b5c11326f9e21a5266c854306bda28ab",
                "sha256:3f839fe91d9ddca0d6a3a0afd6a1c824be1768498a737ab9333d084c5c3f3591",
                "sha256:459137736068bb02515040b2ed2738169cb30d69a38e0fd5dffcba255f41e68d",
                "sha256:58508485a1609a495dd45829bd6d219303cf9edef5ca1f01a9ed8ffaa87f390c",
                "sha256:612948a045fcf9c8931cd306972902440278f34de7ca684b49d4caeec9f1ec62",
                "sha256:70260b4591c07bff95566d49b6a5dc3051d8558035c43c847bad9a954def46bb",
                "sha256:72d114baa5737baf29c8068d1ccdd93cbb332d2030601c888eed0e3761b588d7",
                "sha256:90cbd082e7a9089664888d0d94aca760202f080133fca8f3fe65c48ed6b9e39d",
                "sha256:92d26aa7c8f7ffe41cb4b50a00846027027fa17acdf2d9dd8c24de77b25166c6",
                "sha256:b9970e3dc987eb2a6001af6c9d2f726dd6455cfc6d47e0f51925cbdee7ea2157",
                "sha256:c01204e3f025c3f7252c79c1a8a028246d29e3ef339e1a01ddf652999f47bdea",
                "sha256:c893fb9d1c2ef8f980cc00ced3fd90356f86d9f59b58ee97e0e7e622b8860f76",
                "sha256:c97c71835dde7e67fc7b06398bee1c012559a0784ebda9cf8acaf176c7ae766c",
                "sha256:ccc5c533135305709461f545feed5061c608714db38fa0f58e3f848a127b7fde",
                "sha256:cf09fd4d90c4c42ddd9bf853290f1a80bc2128993a3923bd3b96b68cc1acd03f",
                "sha256:d2662ec37ee049c0f8f2f9a378abeb7e570d9215c19eaf0a6d7189464195009f",
                "sha256:d9337ebba4d099698982e090b203e85670086c4b29cf1185b2e45cd353a8053e",
                "sha256:de5234bec74c47da668e1a1a21bcc9821af0cbb28b5153df78cd5abc744b29a2",
                "sha256:eda10ecd43daacc180a6fbe524992be76a877c3559e2b78016b4ada8fec10273",
                "sha256:fad06de012a78f277318d0c308dd3d7cc1f67167f3b2e1e2f7c6caf04c03440c"
            ],
            "index": "pypi",
            "version": "==4.3.2"
        },
        "py": {
            "hashes": [
                "sha256:51c75c4126074b472f746a24399ad32f6053d1b34b68d2fa41e558e6f4a98719",
                "sha256:607c53218732647dff4acdfcd50cb62615cedf612e72d1724fb1a0cc6405b378"
            ],
            "markers": "python_version >= '2.7' and python_version not in '3.0, 3.1, 3.2, 3.3, 3.4'",
            "version": "==1.11.0"
        },
        "pycodestyle": {
            "hashes": [
                "sha256:2295e7b2f6b5bd100585ebcb1f616591b652db8a741695b3d8f5d28bdc934367",
                "sha256:c58a7d2815e0e8d7972bf1803331fb0152f867bd89adf8a01dfd55085434192e"
            ],
            "markers": "python_version >= '2.7' and python_version not in '3.0, 3.1, 3.2, 3.3'",
            "version": "==2.6.0"
        },
        "pydocstyle": {
            "hashes": [
                "sha256:118762d452a49d6b05e194ef344a55822987a462831ade91ec5c06fd2169d019",
                "sha256:7ce43f0c0ac87b07494eb9c0b462c0b73e6ff276807f204d6b53edc72b7e44e1"
            ],
            "version": "==6.3.0"
        },
        "pyflakes": {
            "hashes": [
                "sha256:0d94e0e05a19e57a99444b6ddcf9a6eb2e5c68d3ca1e98e90707af8152c90a92",
                "sha256:35b2d75ee967ea93b55750aa9edbbf72813e06a66ba54438df2cfac9e3c27fc8"
            ],
            "markers": "python_version >= '2.7' and python_version not in '3.0, 3.1, 3.2, 3.3'",
            "version": "==2.2.0"
        },
        "pylint": {
            "hashes": [
                "sha256:0d4c286ef6d2f66c8bfb527a7f8a629009e42c99707dec821a03e1b51a4c1496",
                "sha256:60ed5f3a9ff8b61839ff0348b3624ceeb9e6c2a92c514d81c9cc273da3b6bcda"
            ],
            "version": "==3.0.2"
        },
        "pyls-black": {
            "hashes": [
                "sha256:2afd8c652768257e9eeb942f3fe9314a91b44ce4a4a172d99c47e2275525382e",
                "sha256:6e087adca067391a65a577676ea2d62f0a6cb2bf23bf45dbefbbd48c0d2bb8d4"
            ],
            "index": "pypi",
            "version": "==0.4.7"
        },
        "pyls-isort": {
            "hashes": [
                "sha256:2192bd2203db00459f85eb329521feba58af63075d2dd10a051a4eccd000bba0"
            ],
            "index": "pypi",
            "version": "==0.2.2"
        },
        "pyls-mypy": {
            "hashes": [
                "sha256:3fd83028961f0ca9eb3048b7a01cf42a9e3d46d8ea4935c1424c33da22c3eb03"
            ],
            "index": "pypi",
            "version": "==0.1.8"
        },
        "pytest": {
            "hashes": [
                "sha256:13d0e3ccfc2b6e26be000cb6568c832ba67ba32e719443bfe725814d3c42433c",
                "sha256:a06a0425453864a270bc45e71f783330a7428defb4230fb5e6a731fde06ecd45"
            ],
            "index": "pypi",
            "version": "==7.1.2"
        },
        "pytest-asyncio": {
            "hashes": [
                "sha256:40a7eae6dded22c7b604986855ea48400ab15b069ae38116e8c01238e9eeb64d",
                "sha256:8666c1c8ac02631d7c51ba282e0c69a8a452b211ffedf2599099845da5c5c37b"
            ],
            "index": "pypi",
            "version": "==0.21.1"
        },
        "pytest-dotenv": {
            "hashes": [
                "sha256:2dc6c3ac6d8764c71c6d2804e902d0ff810fa19692e95fe138aefc9b1aa73732",
                "sha256:40a2cece120a213898afaa5407673f6bd924b1fa7eafce6bda0e8abffe2f710f"
            ],
            "index": "pypi",
            "version": "==0.5.2"
        },
        "pytest-mock": {
            "hashes": [
                "sha256:0972719a7263072da3a21c7f4773069bcc7486027d7e8e1f81d98a47e701bc4f",
                "sha256:31a40f038c22cad32287bb43932054451ff5583ff094bca6f675df2f8bc1a6e9"
            ],
            "index": "pypi",
            "version": "==3.12.0"
        },
        "python-dotenv": {
            "hashes": [
                "sha256:a8df96034aae6d2d50a4ebe8216326c61c3eb64836776504fcca410e5937a3ba",
                "sha256:f5971a9226b701070a4bf2c38c89e5a3f0d64de8debda981d1db98583009122a"
            ],
            "markers": "python_version >= '3.8'",
            "version": "==1.0.0"
        },
        "python-jsonrpc-server": {
            "hashes": [
                "sha256:62c543e541f101ec5b57dc654efc212d2c2e3ea47ff6f54b2e7dcb36ecf20595",
                "sha256:e5a908ff182e620aac07db5f57887eeb0afe33993008f57dc1b85b594cea250c"
            ],
            "version": "==0.4.0"
        },
        "python-language-server": {
            "extras": [
                "all"
            ],
            "hashes": [
                "sha256:9984c84a67ee2c5102c8e703215f407fcfa5e62b0ae86c9572d0ada8c4b417b0",
                "sha256:a0ad0aca03f4a20c1c40f4f230c6773eac82c9b7cdb026cb09ba10237f4815d5"
            ],
            "index": "pypi",
            "version": "==0.36.2"
        },
        "python-lsp-jsonrpc": {
            "hashes": [
                "sha256:4688e453eef55cd952bff762c705cedefa12055c0aec17a06f595bcc002cc912",
                "sha256:7339c2e9630ae98903fdaea1ace8c47fba0484983794d6aafd0bd8989be2b03c"
            ],
            "markers": "python_version >= '3.8'",
            "version": "==1.1.2"
        },
        "python-lsp-server": {
            "hashes": [
                "sha256:6b947cf9dc33d7bed9abc936bb173140fcf606b6eb50cf02e27d4cb09f10d3fb",
                "sha256:dc0c8298f0222fd66a52aa3170f3a5c8fe3021007a02098bb72f7fd8df353d13"
            ],
            "markers": "python_version >= '3.8'",
            "version": "==1.9.0"
        },
        "pytoolconfig": {
            "extras": [
                "global"
            ],
            "hashes": [
                "sha256:e8b2e538f11dbabc4617884d45401e0105e2d7db920cb8ae6baa94d66126a8e3",
                "sha256:f2d00ea4f8cbdffd3006780ba51016618c835b338f634e3f7f8b2715b1710889"
            ],
            "markers": "python_version >= '3.7'",
            "version": "==1.2.6"
        },
        "rope": {
            "hashes": [
                "sha256:62c9028353d1f020653bd1b090d659031539842ede6bd65985f86db3d6430932",
                "sha256:ac0cbdcda5a546e1e56c54976df07ea2cb04c806f65459bc213536c5d1bc073e"
            ],
            "version": "==1.11.0"
        },
        "setuptools": {
            "hashes": [
                "sha256:4ac1475276d2f1c48684874089fefcd83bd7162ddaafb81fac866ba0db282a87",
                "sha256:b454a35605876da60632df1a60f736524eb73cc47bbc9f3f1ef1b644de74fd2a"
            ],
            "markers": "python_version >= '3.8'",
            "version": "==68.2.2"
        },
        "sexpdata": {
            "hashes": [
                "sha256:6f65f115291890cbce5cd269c13bdf1f82a4cd23bc61b6e150a27511ee6a7d5e"
            ],
            "version": "==1.0.1"
        },
        "snowballstemmer": {
            "hashes": [
                "sha256:09b16deb8547d3412ad7b590689584cd0fe25ec8db3be37788be3810cbf19cb1",
                "sha256:c8e1716e83cc398ae16824e5572ae04e0d9fc2c6b985fb0f900f5f0c96ecba1a"
            ],
            "version": "==2.2.0"
        },
        "toml": {
            "hashes": [
                "sha256:806143ae5bfb6a3c6e736a764057db0e6a0e05e338b5630894a5f779cabb4f9b",
                "sha256:b3bda1d108d5dd99f4a20d24d9c348e91c4db7ab1b749200bded2f839ccbe68f"
            ],
            "markers": "python_version >= '2.6' and python_version not in '3.0, 3.1, 3.2, 3.3'",
            "version": "==0.10.2"
        },
        "tomli": {
            "hashes": [
                "sha256:939de3e7a6161af0c887ef91b7d41a53e7c5a1ca976325f429cb46ea9bc30ecc",
                "sha256:de526c12914f0c550d15924c62d72abc48d6fe7364aa87328337a31007fe8a4f"
            ],
            "markers": "python_version >= '3.7'",
            "version": "==2.0.1"
        },
        "tomlkit": {
            "hashes": [
                "sha256:75baf5012d06501f07bee5bf8e801b9f343e7aac5a92581f20f80ce632e6b5a4",
                "sha256:b0a645a9156dc7cb5d3a1f0d4bab66db287fcb8e0430bdd4664a095ea16414ba"
            ],
            "markers": "python_version >= '3.7'",
            "version": "==0.12.3"
        },
        "typing-extensions": {
            "hashes": [
                "sha256:8f92fc8806f9a6b641eaa5318da32b44d401efaac0f6678c9bc448ba3605faa0",
                "sha256:df8e4339e9cb77357558cbdbceca33c303714cf861d1eef15e1070055ae8b7ef"
            ],
            "markers": "python_version >= '3.8'",
            "version": "==4.8.0"
        },
        "ujson": {
            "hashes": [
                "sha256:07d459aca895eb17eb463b00441986b021b9312c6c8cc1d06880925c7f51009c",
                "sha256:0be81bae295f65a6896b0c9030b55a106fb2dec69ef877253a87bc7c9c5308f7",
                "sha256:0fe1b7edaf560ca6ab023f81cbeaf9946a240876a993b8c5a21a1c539171d903",
                "sha256:102bf31c56f59538cccdfec45649780ae00657e86247c07edac434cb14d5388c",
                "sha256:11da6bed916f9bfacf13f4fc6a9594abd62b2bb115acfb17a77b0f03bee4cfd5",
                "sha256:16fde596d5e45bdf0d7de615346a102510ac8c405098e5595625015b0d4b5296",
                "sha256:193349a998cd821483a25f5df30b44e8f495423840ee11b3b28df092ddfd0f7f",
                "sha256:20768961a6a706170497129960762ded9c89fb1c10db2989c56956b162e2a8a3",
                "sha256:27a2a3c7620ebe43641e926a1062bc04e92dbe90d3501687957d71b4bdddaec4",
                "sha256:2873d196725a8193f56dde527b322c4bc79ed97cd60f1d087826ac3290cf9207",
                "sha256:299a312c3e85edee1178cb6453645217ba23b4e3186412677fa48e9a7f986de6",
                "sha256:2a64cc32bb4a436e5813b83f5aab0889927e5ea1788bf99b930fad853c5625cb",
                "sha256:2b852bdf920fe9f84e2a2c210cc45f1b64f763b4f7d01468b33f7791698e455e",
                "sha256:2e72ba76313d48a1a3a42e7dc9d1db32ea93fac782ad8dde6f8b13e35c229130",
                "sha256:3659deec9ab9eb19e8646932bfe6fe22730757c4addbe9d7d5544e879dc1b721",
                "sha256:3b27a8da7a080add559a3b73ec9ebd52e82cc4419f7c6fb7266e62439a055ed0",
                "sha256:3f9b63530a5392eb687baff3989d0fb5f45194ae5b1ca8276282fb647f8dcdb3",
                "sha256:407d60eb942c318482bbfb1e66be093308bb11617d41c613e33b4ce5be789adc",
                "sha256:40931d7c08c4ce99adc4b409ddb1bbb01635a950e81239c2382cfe24251b127a",
                "sha256:48c7d373ff22366eecfa36a52b9b55b0ee5bd44c2b50e16084aa88b9de038916",
                "sha256:4ddeabbc78b2aed531f167d1e70387b151900bc856d61e9325fcdfefb2a51ad8",
                "sha256:5ac97b1e182d81cf395ded620528c59f4177eee024b4b39a50cdd7b720fdeec6",
                "sha256:5ce24909a9c25062e60653073dd6d5e6ec9d6ad7ed6e0069450d5b673c854405",
                "sha256:69b3104a2603bab510497ceabc186ba40fef38ec731c0ccaa662e01ff94a985c",
                "sha256:6a4dafa9010c366589f55afb0fd67084acd8added1a51251008f9ff2c3e44042",
                "sha256:6d230d870d1ce03df915e694dcfa3f4e8714369cce2346686dbe0bc8e3f135e7",
                "sha256:78e318def4ade898a461b3d92a79f9441e7e0e4d2ad5419abed4336d702c7425",
                "sha256:7a42baa647a50fa8bed53d4e242be61023bd37b93577f27f90ffe521ac9dc7a3",
                "sha256:7cba16b26efe774c096a5e822e4f27097b7c81ed6fb5264a2b3f5fd8784bab30",
                "sha256:7d8283ac5d03e65f488530c43d6610134309085b71db4f675e9cf5dff96a8282",
                "sha256:7ecc33b107ae88405aebdb8d82c13d6944be2331ebb04399134c03171509371a",
                "sha256:9249fdefeb021e00b46025e77feed89cd91ffe9b3a49415239103fc1d5d9c29a",
                "sha256:9399eaa5d1931a0ead49dce3ffacbea63f3177978588b956036bfe53cdf6af75",
                "sha256:94c7bd9880fa33fcf7f6d7f4cc032e2371adee3c5dba2922b918987141d1bf07",
                "sha256:9571de0c53db5cbc265945e08f093f093af2c5a11e14772c72d8e37fceeedd08",
                "sha256:9721cd112b5e4687cb4ade12a7b8af8b048d4991227ae8066d9c4b3a6642a582",
                "sha256:9ab282d67ef3097105552bf151438b551cc4bedb3f24d80fada830f2e132aeb9",
                "sha256:9d9707e5aacf63fb919f6237d6490c4e0244c7f8d3dc2a0f84d7dec5db7cb54c",
                "sha256:a70f776bda2e5072a086c02792c7863ba5833d565189e09fabbd04c8b4c3abba",
                "sha256:a89cf3cd8bf33a37600431b7024a7ccf499db25f9f0b332947fbc79043aad879",
                "sha256:a8c91b6f4bf23f274af9002b128d133b735141e867109487d17e344d38b87d94",
                "sha256:ad24ec130855d4430a682c7a60ca0bc158f8253ec81feed4073801f6b6cb681b",
                "sha256:ae7f4725c344bf437e9b881019c558416fe84ad9c6b67426416c131ad577df67",
                "sha256:b748797131ac7b29826d1524db1cc366d2722ab7afacc2ce1287cdafccddbf1f",
                "sha256:bdf04c6af3852161be9613e458a1fb67327910391de8ffedb8332e60800147a2",
                "sha256:bf5737dbcfe0fa0ac8fa599eceafae86b376492c8f1e4b84e3adf765f03fb564",
                "sha256:c4e7bb7eba0e1963f8b768f9c458ecb193e5bf6977090182e2b4f4408f35ac76",
                "sha256:d524a8c15cfc863705991d70bbec998456a42c405c291d0f84a74ad7f35c5109",
                "sha256:d53039d39de65360e924b511c7ca1a67b0975c34c015dd468fca492b11caa8f7",
                "sha256:d6f84a7a175c75beecde53a624881ff618e9433045a69fcfb5e154b73cdaa377",
                "sha256:e0147d41e9fb5cd174207c4a2895c5e24813204499fd0839951d4c8784a23bf5",
                "sha256:e3673053b036fd161ae7a5a33358ccae6793ee89fd499000204676baafd7b3aa",
                "sha256:e54578fa8838ddc722539a752adfce9372474114f8c127bb316db5392d942f8b",
                "sha256:eb0142f6f10f57598655340a3b2c70ed4646cbe674191da195eb0985a9813b83",
                "sha256:efeddf950fb15a832376c0c01d8d7713479fbeceaed1eaecb2665aa62c305aec",
                "sha256:f26629ac531d712f93192c233a74888bc8b8212558bd7d04c349125f10199fcf",
                "sha256:f2e385a7679b9088d7bc43a64811a7713cc7c33d032d020f757c54e7d41931ae",
                "sha256:f3554eaadffe416c6f543af442066afa6549edbc34fe6a7719818c3e72ebfe95",
                "sha256:f4511560d75b15ecb367eef561554959b9d49b6ec3b8d5634212f9fed74a6df1",
                "sha256:f504117a39cb98abba4153bf0b46b4954cc5d62f6351a14660201500ba31fe7f",
                "sha256:fb87decf38cc82bcdea1d7511e73629e651bdec3a43ab40985167ab8449b769c"
            ],
            "index": "pypi",
            "version": "==5.8.0"
        },
        "yapf": {
            "hashes": [
                "sha256:4dab8a5ed7134e26d57c1647c7483afb3f136878b579062b786c9ba16b94637b",
                "sha256:adc8b5dd02c0143108878c499284205adb258aad6db6634e5b869e7ee2bd548b"
            ],
            "version": "==0.40.2"
        },
        "zipp": {
            "hashes": [
                "sha256:0e923e726174922dce09c53c59ad483ff7bbb8e572e00c7f7c46b88556409f31",
                "sha256:84e64a1c28cf7e91ed2078bb8cc8c259cb19b76942096c8d7b84947690cabaf0"
            ],
            "markers": "python_version >= '3.8'",
            "version": "==3.17.0"
        }
    }
}
